// !$*UTF8*$!
{
	archiveVersion = 1;
	classes = {
	};
	objectVersion = 50;
	objects = {

/* Begin PBXBuildFile section */
		2014F50A20A96AC100A26C56 /* BannerModel.swift in Sources */ = {isa = PBXBuildFile; fileRef = 2014F50920A96AC100A26C56 /* BannerModel.swift */; };
		204E0DBE20A5481A002F9FC9 /* Networking.swift in Sources */ = {isa = PBXBuildFile; fileRef = 204E0DBD20A5481A002F9FC9 /* Networking.swift */; };
		204E0DC020A55E4D002F9FC9 /* MyService.swift in Sources */ = {isa = PBXBuildFile; fileRef = 204E0DBF20A55E4D002F9FC9 /* MyService.swift */; };
		209119AE20A01DF600CE0C78 /* AppDelegate.swift in Sources */ = {isa = PBXBuildFile; fileRef = 209119AD20A01DF600CE0C78 /* AppDelegate.swift */; };
		209119B520A01DF700CE0C78 /* Assets.xcassets in Resources */ = {isa = PBXBuildFile; fileRef = 209119B420A01DF700CE0C78 /* Assets.xcassets */; };
		209119B820A01DF700CE0C78 /* LaunchScreen.storyboard in Resources */ = {isa = PBXBuildFile; fileRef = 209119B620A01DF700CE0C78 /* LaunchScreen.storyboard */; };
		209119C320A01DF700CE0C78 /* PhoneixTests.swift in Sources */ = {isa = PBXBuildFile; fileRef = 209119C220A01DF700CE0C78 /* PhoneixTests.swift */; };
		209119CE20A01DF700CE0C78 /* PhoneixUITests.swift in Sources */ = {isa = PBXBuildFile; fileRef = 209119CD20A01DF700CE0C78 /* PhoneixUITests.swift */; };
		209119E320A02EF500CE0C78 /* Info.plist in Resources */ = {isa = PBXBuildFile; fileRef = 209119E220A02EF400CE0C78 /* Info.plist */; };
		20911A1F20A0500000CE0C78 /* MainTabBarController.swift in Sources */ = {isa = PBXBuildFile; fileRef = 20911A1E20A0500000CE0C78 /* MainTabBarController.swift */; };
		20911A2120A0504500CE0C78 /* MainNavigationController.swift in Sources */ = {isa = PBXBuildFile; fileRef = 20911A2020A0504500CE0C78 /* MainNavigationController.swift */; };
		20911A2320A051E900CE0C78 /* MainBaseViewController.swift in Sources */ = {isa = PBXBuildFile; fileRef = 20911A2220A051E900CE0C78 /* MainBaseViewController.swift */; };
		20911A2520A0527600CE0C78 /* HomeViewController.swift in Sources */ = {isa = PBXBuildFile; fileRef = 20911A2420A0527600CE0C78 /* HomeViewController.swift */; };
		20911A2720A0529400CE0C78 /* CategoriesViewController.swift in Sources */ = {isa = PBXBuildFile; fileRef = 20911A2620A0529400CE0C78 /* CategoriesViewController.swift */; };
		20911A2920A052A800CE0C78 /* PostViewController.swift in Sources */ = {isa = PBXBuildFile; fileRef = 20911A2820A052A700CE0C78 /* PostViewController.swift */; };
		20911A2B20A052B600CE0C78 /* CommunityViewController.swift in Sources */ = {isa = PBXBuildFile; fileRef = 20911A2A20A052B600CE0C78 /* CommunityViewController.swift */; };
		20911A2D20A052C000CE0C78 /* MeViewController.swift in Sources */ = {isa = PBXBuildFile; fileRef = 20911A2C20A052C000CE0C78 /* MeViewController.swift */; };
		20911A3020A3D91600CE0C78 /* Extensions.swift in Sources */ = {isa = PBXBuildFile; fileRef = 20911A2F20A3D91600CE0C78 /* Extensions.swift */; };
		20911A3420A41E8400CE0C78 /* Design.swift in Sources */ = {isa = PBXBuildFile; fileRef = 20911A3320A41E8400CE0C78 /* Design.swift */; };
		20EA1EA520A9660D0024805E /* BannerView.swift in Sources */ = {isa = PBXBuildFile; fileRef = 20EA1EA420A9660D0024805E /* BannerView.swift */; };
		20EA1EA720A966370024805E /* BannerCell.swift in Sources */ = {isa = PBXBuildFile; fileRef = 20EA1EA620A966370024805E /* BannerCell.swift */; };
		2D5F4205172E4819335FAFEF /* Pods_PhoneixUITests.framework in Frameworks */ = {isa = PBXBuildFile; fileRef = B57D9C3281AE9B52446160E4 /* Pods_PhoneixUITests.framework */; };
		8090E664C0BC5E43C9E0877C /* Pods_PhoneixTests.framework in Frameworks */ = {isa = PBXBuildFile; fileRef = 29A53FCFE10E2A9F5F327BCE /* Pods_PhoneixTests.framework */; };
		A7A0952F3C37CF445BE176EE /* Pods_Phoneix.framework in Frameworks */ = {isa = PBXBuildFile; fileRef = 5A9F5529C157A3A69734E1EC /* Pods_Phoneix.framework */; };
/* End PBXBuildFile section */

/* Begin PBXContainerItemProxy section */
		209119BF20A01DF700CE0C78 /* PBXContainerItemProxy */ = {
			isa = PBXContainerItemProxy;
			containerPortal = 209119A220A01DF600CE0C78 /* Project object */;
			proxyType = 1;
			remoteGlobalIDString = 209119A920A01DF600CE0C78;
			remoteInfo = Phoneix;
		};
		209119CA20A01DF700CE0C78 /* PBXContainerItemProxy */ = {
			isa = PBXContainerItemProxy;
			containerPortal = 209119A220A01DF600CE0C78 /* Project object */;
			proxyType = 1;
			remoteGlobalIDString = 209119A920A01DF600CE0C78;
			remoteInfo = Phoneix;
		};
/* End PBXContainerItemProxy section */

/* Begin PBXFileReference section */
		1264E57582D38FB9CAC1606B /* Pods-PhoneixUITests.release.xcconfig */ = {isa = PBXFileReference; includeInIndex = 1; lastKnownFileType = text.xcconfig; name = "Pods-PhoneixUITests.release.xcconfig"; path = "Pods/Target Support Files/Pods-PhoneixUITests/Pods-PhoneixUITests.release.xcconfig"; sourceTree = "<group>"; };
		2014F50920A96AC100A26C56 /* BannerModel.swift */ = {isa = PBXFileReference; lastKnownFileType = sourcecode.swift; path = BannerModel.swift; sourceTree = "<group>"; };
		204E0DBD20A5481A002F9FC9 /* Networking.swift */ = {isa = PBXFileReference; lastKnownFileType = sourcecode.swift; path = Networking.swift; sourceTree = "<group>"; };
		204E0DBF20A55E4D002F9FC9 /* MyService.swift */ = {isa = PBXFileReference; lastKnownFileType = sourcecode.swift; path = MyService.swift; sourceTree = "<group>"; };
		209119AA20A01DF600CE0C78 /* Phoneix.app */ = {isa = PBXFileReference; explicitFileType = wrapper.application; includeInIndex = 0; path = Phoneix.app; sourceTree = BUILT_PRODUCTS_DIR; };
		209119AD20A01DF600CE0C78 /* AppDelegate.swift */ = {isa = PBXFileReference; lastKnownFileType = sourcecode.swift; path = AppDelegate.swift; sourceTree = "<group>"; };
		209119B420A01DF700CE0C78 /* Assets.xcassets */ = {isa = PBXFileReference; lastKnownFileType = folder.assetcatalog; path = Assets.xcassets; sourceTree = "<group>"; };
		209119B720A01DF700CE0C78 /* Base */ = {isa = PBXFileReference; lastKnownFileType = file.storyboard; name = Base; path = Base.lproj/LaunchScreen.storyboard; sourceTree = "<group>"; };
		209119BE20A01DF700CE0C78 /* PhoneixTests.xctest */ = {isa = PBXFileReference; explicitFileType = wrapper.cfbundle; includeInIndex = 0; path = PhoneixTests.xctest; sourceTree = BUILT_PRODUCTS_DIR; };
		209119C220A01DF700CE0C78 /* PhoneixTests.swift */ = {isa = PBXFileReference; lastKnownFileType = sourcecode.swift; path = PhoneixTests.swift; sourceTree = "<group>"; };
		209119C420A01DF700CE0C78 /* Info.plist */ = {isa = PBXFileReference; lastKnownFileType = text.plist.xml; path = Info.plist; sourceTree = "<group>"; };
		209119C920A01DF700CE0C78 /* PhoneixUITests.xctest */ = {isa = PBXFileReference; explicitFileType = wrapper.cfbundle; includeInIndex = 0; path = PhoneixUITests.xctest; sourceTree = BUILT_PRODUCTS_DIR; };
		209119CD20A01DF700CE0C78 /* PhoneixUITests.swift */ = {isa = PBXFileReference; lastKnownFileType = sourcecode.swift; path = PhoneixUITests.swift; sourceTree = "<group>"; };
		209119CF20A01DF700CE0C78 /* Info.plist */ = {isa = PBXFileReference; lastKnownFileType = text.plist.xml; path = Info.plist; sourceTree = "<group>"; };
		209119E220A02EF400CE0C78 /* Info.plist */ = {isa = PBXFileReference; fileEncoding = 4; lastKnownFileType = text.plist.xml; path = Info.plist; sourceTree = "<group>"; };
		20911A1E20A0500000CE0C78 /* MainTabBarController.swift */ = {isa = PBXFileReference; lastKnownFileType = sourcecode.swift; path = MainTabBarController.swift; sourceTree = "<group>"; };
		20911A2020A0504500CE0C78 /* MainNavigationController.swift */ = {isa = PBXFileReference; lastKnownFileType = sourcecode.swift; path = MainNavigationController.swift; sourceTree = "<group>"; };
		20911A2220A051E900CE0C78 /* MainBaseViewController.swift */ = {isa = PBXFileReference; lastKnownFileType = sourcecode.swift; path = MainBaseViewController.swift; sourceTree = "<group>"; };
		20911A2420A0527600CE0C78 /* HomeViewController.swift */ = {isa = PBXFileReference; lastKnownFileType = sourcecode.swift; path = HomeViewController.swift; sourceTree = "<group>"; };
		20911A2620A0529400CE0C78 /* CategoriesViewController.swift */ = {isa = PBXFileReference; lastKnownFileType = sourcecode.swift; path = CategoriesViewController.swift; sourceTree = "<group>"; };
		20911A2820A052A700CE0C78 /* PostViewController.swift */ = {isa = PBXFileReference; lastKnownFileType = sourcecode.swift; path = PostViewController.swift; sourceTree = "<group>"; };
		20911A2A20A052B600CE0C78 /* CommunityViewController.swift */ = {isa = PBXFileReference; lastKnownFileType = sourcecode.swift; path = CommunityViewController.swift; sourceTree = "<group>"; };
		20911A2C20A052C000CE0C78 /* MeViewController.swift */ = {isa = PBXFileReference; lastKnownFileType = sourcecode.swift; path = MeViewController.swift; sourceTree = "<group>"; };
		20911A2F20A3D91600CE0C78 /* Extensions.swift */ = {isa = PBXFileReference; lastKnownFileType = sourcecode.swift; path = Extensions.swift; sourceTree = "<group>"; };
		20911A3320A41E8400CE0C78 /* Design.swift */ = {isa = PBXFileReference; lastKnownFileType = sourcecode.swift; path = Design.swift; sourceTree = "<group>"; };
		20EA1EA420A9660D0024805E /* BannerView.swift */ = {isa = PBXFileReference; lastKnownFileType = sourcecode.swift; path = BannerView.swift; sourceTree = "<group>"; };
		20EA1EA620A966370024805E /* BannerCell.swift */ = {isa = PBXFileReference; lastKnownFileType = sourcecode.swift; path = BannerCell.swift; sourceTree = "<group>"; };
		29A53FCFE10E2A9F5F327BCE /* Pods_PhoneixTests.framework */ = {isa = PBXFileReference; explicitFileType = wrapper.framework; includeInIndex = 0; path = Pods_PhoneixTests.framework; sourceTree = BUILT_PRODUCTS_DIR; };
		32020F1E6EF0767BBBE694B0 /* Pods-Phoneix.debug.xcconfig */ = {isa = PBXFileReference; includeInIndex = 1; lastKnownFileType = text.xcconfig; name = "Pods-Phoneix.debug.xcconfig"; path = "Pods/Target Support Files/Pods-Phoneix/Pods-Phoneix.debug.xcconfig"; sourceTree = "<group>"; };
		50BD63253F4F1E84006AB92F /* Pods-PhoneixTests.release.xcconfig */ = {isa = PBXFileReference; includeInIndex = 1; lastKnownFileType = text.xcconfig; name = "Pods-PhoneixTests.release.xcconfig"; path = "Pods/Target Support Files/Pods-PhoneixTests/Pods-PhoneixTests.release.xcconfig"; sourceTree = "<group>"; };
		5A9F5529C157A3A69734E1EC /* Pods_Phoneix.framework */ = {isa = PBXFileReference; explicitFileType = wrapper.framework; includeInIndex = 0; path = Pods_Phoneix.framework; sourceTree = BUILT_PRODUCTS_DIR; };
		7123D7A5B43EF632C1D8660C /* Pods-PhoneixUITests.debug.xcconfig */ = {isa = PBXFileReference; includeInIndex = 1; lastKnownFileType = text.xcconfig; name = "Pods-PhoneixUITests.debug.xcconfig"; path = "Pods/Target Support Files/Pods-PhoneixUITests/Pods-PhoneixUITests.debug.xcconfig"; sourceTree = "<group>"; };
		786DF22F94564A1BDCE644AB /* Pods-PhoneixTests.debug.xcconfig */ = {isa = PBXFileReference; includeInIndex = 1; lastKnownFileType = text.xcconfig; name = "Pods-PhoneixTests.debug.xcconfig"; path = "Pods/Target Support Files/Pods-PhoneixTests/Pods-PhoneixTests.debug.xcconfig"; sourceTree = "<group>"; };
		B57D9C3281AE9B52446160E4 /* Pods_PhoneixUITests.framework */ = {isa = PBXFileReference; explicitFileType = wrapper.framework; includeInIndex = 0; path = Pods_PhoneixUITests.framework; sourceTree = BUILT_PRODUCTS_DIR; };
		F610ABF58AA8705EA0EB83CC /* Pods-Phoneix.release.xcconfig */ = {isa = PBXFileReference; includeInIndex = 1; lastKnownFileType = text.xcconfig; name = "Pods-Phoneix.release.xcconfig"; path = "Pods/Target Support Files/Pods-Phoneix/Pods-Phoneix.release.xcconfig"; sourceTree = "<group>"; };
/* End PBXFileReference section */

/* Begin PBXFrameworksBuildPhase section */
		209119A720A01DF600CE0C78 /* Frameworks */ = {
			isa = PBXFrameworksBuildPhase;
			buildActionMask = 2147483647;
			files = (
				A7A0952F3C37CF445BE176EE /* Pods_Phoneix.framework in Frameworks */,
			);
			runOnlyForDeploymentPostprocessing = 0;
		};
		209119BB20A01DF700CE0C78 /* Frameworks */ = {
			isa = PBXFrameworksBuildPhase;
			buildActionMask = 2147483647;
			files = (
				8090E664C0BC5E43C9E0877C /* Pods_PhoneixTests.framework in Frameworks */,
			);
			runOnlyForDeploymentPostprocessing = 0;
		};
		209119C620A01DF700CE0C78 /* Frameworks */ = {
			isa = PBXFrameworksBuildPhase;
			buildActionMask = 2147483647;
			files = (
				2D5F4205172E4819335FAFEF /* Pods_PhoneixUITests.framework in Frameworks */,
			);
			runOnlyForDeploymentPostprocessing = 0;
		};
/* End PBXFrameworksBuildPhase section */

/* Begin PBXGroup section */
		209119A120A01DF600CE0C78 = {
			isa = PBXGroup;
			children = (
				209119AC20A01DF600CE0C78 /* Phoneix */,
				209119C120A01DF700CE0C78 /* PhoneixTests */,
				209119CC20A01DF700CE0C78 /* PhoneixUITests */,
				209119AB20A01DF600CE0C78 /* Products */,
				4CE3296052A9C96E37BC880E /* Pods */,
				45DAD0BBEAFF71F12991EAAC /* Frameworks */,
			);
			sourceTree = "<group>";
		};
		209119AB20A01DF600CE0C78 /* Products */ = {
			isa = PBXGroup;
			children = (
				209119AA20A01DF600CE0C78 /* Phoneix.app */,
				209119BE20A01DF700CE0C78 /* PhoneixTests.xctest */,
				209119C920A01DF700CE0C78 /* PhoneixUITests.xctest */,
			);
			name = Products;
			sourceTree = "<group>";
		};
		209119AC20A01DF600CE0C78 /* Phoneix */ = {
			isa = PBXGroup;
			children = (
				209119AD20A01DF600CE0C78 /* AppDelegate.swift */,
				209119DB20A02ABB00CE0C78 /* Main */,
				209119DC20A02ACE00CE0C78 /* Home */,
				209119DD20A02AEC00CE0C78 /* Categories */,
				209119DE20A02B0200CE0C78 /* Post */,
				209119DF20A02B0B00CE0C78 /* Community */,
				209119E020A02BFC00CE0C78 /* Me */,
				20911A2E20A3D8F100CE0C78 /* Tools */,
				209119E120A02C9200CE0C78 /* Supporting Files */,
			);
			path = Phoneix;
			sourceTree = "<group>";
		};
		209119C120A01DF700CE0C78 /* PhoneixTests */ = {
			isa = PBXGroup;
			children = (
				209119C220A01DF700CE0C78 /* PhoneixTests.swift */,
				209119C420A01DF700CE0C78 /* Info.plist */,
			);
			path = PhoneixTests;
			sourceTree = "<group>";
		};
		209119CC20A01DF700CE0C78 /* PhoneixUITests */ = {
			isa = PBXGroup;
			children = (
				209119CD20A01DF700CE0C78 /* PhoneixUITests.swift */,
				209119CF20A01DF700CE0C78 /* Info.plist */,
			);
			path = PhoneixUITests;
			sourceTree = "<group>";
		};
		209119DB20A02ABB00CE0C78 /* Main */ = {
			isa = PBXGroup;
			children = (
				20911A1E20A0500000CE0C78 /* MainTabBarController.swift */,
				20911A2020A0504500CE0C78 /* MainNavigationController.swift */,
				20911A2220A051E900CE0C78 /* MainBaseViewController.swift */,
			);
			path = Main;
			sourceTree = "<group>";
		};
		209119DC20A02ACE00CE0C78 /* Home */ = {
			isa = PBXGroup;
			children = (
				20911A2420A0527600CE0C78 /* HomeViewController.swift */,
				20EA1EA420A9660D0024805E /* BannerView.swift */,
				20EA1EA620A966370024805E /* BannerCell.swift */,
				2014F50920A96AC100A26C56 /* BannerModel.swift */,
			);
			path = Home;
			sourceTree = "<group>";
		};
		209119DD20A02AEC00CE0C78 /* Categories */ = {
			isa = PBXGroup;
			children = (
				20911A2620A0529400CE0C78 /* CategoriesViewController.swift */,
			);
			path = Categories;
			sourceTree = "<group>";
		};
		209119DE20A02B0200CE0C78 /* Post */ = {
			isa = PBXGroup;
			children = (
				20911A2820A052A700CE0C78 /* PostViewController.swift */,
			);
			path = Post;
			sourceTree = "<group>";
		};
		209119DF20A02B0B00CE0C78 /* Community */ = {
			isa = PBXGroup;
			children = (
				20911A2A20A052B600CE0C78 /* CommunityViewController.swift */,
			);
			path = Community;
			sourceTree = "<group>";
		};
		209119E020A02BFC00CE0C78 /* Me */ = {
			isa = PBXGroup;
			children = (
				20911A2C20A052C000CE0C78 /* MeViewController.swift */,
			);
			path = Me;
			sourceTree = "<group>";
		};
		209119E120A02C9200CE0C78 /* Supporting Files */ = {
			isa = PBXGroup;
			children = (
				209119B420A01DF700CE0C78 /* Assets.xcassets */,
				209119B620A01DF700CE0C78 /* LaunchScreen.storyboard */,
				209119E220A02EF400CE0C78 /* Info.plist */,
			);
			path = "Supporting Files";
			sourceTree = "<group>";
		};
		20911A2E20A3D8F100CE0C78 /* Tools */ = {
			isa = PBXGroup;
			children = (
				204E0DBF20A55E4D002F9FC9 /* MyService.swift */,
				204E0DBD20A5481A002F9FC9 /* Networking.swift */,
				20911A2F20A3D91600CE0C78 /* Extensions.swift */,
				20911A3320A41E8400CE0C78 /* Design.swift */,
			);
			path = Tools;
			sourceTree = "<group>";
		};
		45DAD0BBEAFF71F12991EAAC /* Frameworks */ = {
			isa = PBXGroup;
			children = (
				5A9F5529C157A3A69734E1EC /* Pods_Phoneix.framework */,
				29A53FCFE10E2A9F5F327BCE /* Pods_PhoneixTests.framework */,
				B57D9C3281AE9B52446160E4 /* Pods_PhoneixUITests.framework */,
			);
			name = Frameworks;
			sourceTree = "<group>";
		};
		4CE3296052A9C96E37BC880E /* Pods */ = {
			isa = PBXGroup;
			children = (
				32020F1E6EF0767BBBE694B0 /* Pods-Phoneix.debug.xcconfig */,
				F610ABF58AA8705EA0EB83CC /* Pods-Phoneix.release.xcconfig */,
				786DF22F94564A1BDCE644AB /* Pods-PhoneixTests.debug.xcconfig */,
				50BD63253F4F1E84006AB92F /* Pods-PhoneixTests.release.xcconfig */,
				7123D7A5B43EF632C1D8660C /* Pods-PhoneixUITests.debug.xcconfig */,
				1264E57582D38FB9CAC1606B /* Pods-PhoneixUITests.release.xcconfig */,
			);
			name = Pods;
			sourceTree = "<group>";
		};
/* End PBXGroup section */

/* Begin PBXNativeTarget section */
		209119A920A01DF600CE0C78 /* Phoneix */ = {
			isa = PBXNativeTarget;
			buildConfigurationList = 209119D220A01DF700CE0C78 /* Build configuration list for PBXNativeTarget "Phoneix" */;
			buildPhases = (
				EF02AE8DC8ED6525BE69D538 /* [CP] Check Pods Manifest.lock */,
				209119A620A01DF600CE0C78 /* Sources */,
				209119A720A01DF600CE0C78 /* Frameworks */,
				209119A820A01DF600CE0C78 /* Resources */,
				BF54ACEB07810FAF09E2AF8B /* [CP] Embed Pods Frameworks */,
			);
			buildRules = (
			);
			dependencies = (
			);
			name = Phoneix;
			productName = Phoneix;
			productReference = 209119AA20A01DF600CE0C78 /* Phoneix.app */;
			productType = "com.apple.product-type.application";
		};
		209119BD20A01DF700CE0C78 /* PhoneixTests */ = {
			isa = PBXNativeTarget;
			buildConfigurationList = 209119D520A01DF700CE0C78 /* Build configuration list for PBXNativeTarget "PhoneixTests" */;
			buildPhases = (
				8A97C7A166D55A2BAF1C93A7 /* [CP] Check Pods Manifest.lock */,
				209119BA20A01DF700CE0C78 /* Sources */,
				209119BB20A01DF700CE0C78 /* Frameworks */,
				209119BC20A01DF700CE0C78 /* Resources */,
			);
			buildRules = (
			);
			dependencies = (
				209119C020A01DF700CE0C78 /* PBXTargetDependency */,
			);
			name = PhoneixTests;
			productName = PhoneixTests;
			productReference = 209119BE20A01DF700CE0C78 /* PhoneixTests.xctest */;
			productType = "com.apple.product-type.bundle.unit-test";
		};
		209119C820A01DF700CE0C78 /* PhoneixUITests */ = {
			isa = PBXNativeTarget;
			buildConfigurationList = 209119D820A01DF700CE0C78 /* Build configuration list for PBXNativeTarget "PhoneixUITests" */;
			buildPhases = (
				C74F4606F9B6B1DF15BD36B9 /* [CP] Check Pods Manifest.lock */,
				209119C520A01DF700CE0C78 /* Sources */,
				209119C620A01DF700CE0C78 /* Frameworks */,
				209119C720A01DF700CE0C78 /* Resources */,
			);
			buildRules = (
			);
			dependencies = (
				209119CB20A01DF700CE0C78 /* PBXTargetDependency */,
			);
			name = PhoneixUITests;
			productName = PhoneixUITests;
			productReference = 209119C920A01DF700CE0C78 /* PhoneixUITests.xctest */;
			productType = "com.apple.product-type.bundle.ui-testing";
		};
/* End PBXNativeTarget section */

/* Begin PBXProject section */
		209119A220A01DF600CE0C78 /* Project object */ = {
			isa = PBXProject;
			attributes = {
				LastSwiftUpdateCheck = 0930;
				LastUpgradeCheck = 0930;
				ORGANIZATIONNAME = "Let's Say Weee!";
				TargetAttributes = {
					209119A920A01DF600CE0C78 = {
						CreatedOnToolsVersion = 9.3;
					};
					209119BD20A01DF700CE0C78 = {
						CreatedOnToolsVersion = 9.3;
						TestTargetID = 209119A920A01DF600CE0C78;
					};
					209119C820A01DF700CE0C78 = {
						CreatedOnToolsVersion = 9.3;
						TestTargetID = 209119A920A01DF600CE0C78;
					};
				};
			};
			buildConfigurationList = 209119A520A01DF600CE0C78 /* Build configuration list for PBXProject "Phoneix" */;
			compatibilityVersion = "Xcode 9.3";
			developmentRegion = en;
			hasScannedForEncodings = 0;
			knownRegions = (
				en,
				Base,
			);
			mainGroup = 209119A120A01DF600CE0C78;
			productRefGroup = 209119AB20A01DF600CE0C78 /* Products */;
			projectDirPath = "";
			projectRoot = "";
			targets = (
				209119A920A01DF600CE0C78 /* Phoneix */,
				209119BD20A01DF700CE0C78 /* PhoneixTests */,
				209119C820A01DF700CE0C78 /* PhoneixUITests */,
			);
		};
/* End PBXProject section */

/* Begin PBXResourcesBuildPhase section */
		209119A820A01DF600CE0C78 /* Resources */ = {
			isa = PBXResourcesBuildPhase;
			buildActionMask = 2147483647;
			files = (
				209119B820A01DF700CE0C78 /* LaunchScreen.storyboard in Resources */,
				209119B520A01DF700CE0C78 /* Assets.xcassets in Resources */,
				209119E320A02EF500CE0C78 /* Info.plist in Resources */,
			);
			runOnlyForDeploymentPostprocessing = 0;
		};
		209119BC20A01DF700CE0C78 /* Resources */ = {
			isa = PBXResourcesBuildPhase;
			buildActionMask = 2147483647;
			files = (
			);
			runOnlyForDeploymentPostprocessing = 0;
		};
		209119C720A01DF700CE0C78 /* Resources */ = {
			isa = PBXResourcesBuildPhase;
			buildActionMask = 2147483647;
			files = (
			);
			runOnlyForDeploymentPostprocessing = 0;
		};
/* End PBXResourcesBuildPhase section */

/* Begin PBXShellScriptBuildPhase section */
		8A97C7A166D55A2BAF1C93A7 /* [CP] Check Pods Manifest.lock */ = {
			isa = PBXShellScriptBuildPhase;
			buildActionMask = 2147483647;
			files = (
			);
			inputPaths = (
				"${PODS_PODFILE_DIR_PATH}/Podfile.lock",
				"${PODS_ROOT}/Manifest.lock",
			);
			name = "[CP] Check Pods Manifest.lock";
			outputPaths = (
				"$(DERIVED_FILE_DIR)/Pods-PhoneixTests-checkManifestLockResult.txt",
			);
			runOnlyForDeploymentPostprocessing = 0;
			shellPath = /bin/sh;
			shellScript = "diff \"${PODS_PODFILE_DIR_PATH}/Podfile.lock\" \"${PODS_ROOT}/Manifest.lock\" > /dev/null\nif [ $? != 0 ] ; then\n    # print error to STDERR\n    echo \"error: The sandbox is not in sync with the Podfile.lock. Run 'pod install' or update your CocoaPods installation.\" >&2\n    exit 1\nfi\n# This output is used by Xcode 'outputs' to avoid re-running this script phase.\necho \"SUCCESS\" > \"${SCRIPT_OUTPUT_FILE_0}\"\n";
			showEnvVarsInLog = 0;
		};
		BF54ACEB07810FAF09E2AF8B /* [CP] Embed Pods Frameworks */ = {
			isa = PBXShellScriptBuildPhase;
			buildActionMask = 2147483647;
			files = (
			);
			inputPaths = (
				"${SRCROOT}/Pods/Target Support Files/Pods-Phoneix/Pods-Phoneix-frameworks.sh",
				"${BUILT_PRODUCTS_DIR}/Alamofire/Alamofire.framework",
				"${BUILT_PRODUCTS_DIR}/Differentiator/Differentiator.framework",
				"${BUILT_PRODUCTS_DIR}/Kingfisher/Kingfisher.framework",
				"${BUILT_PRODUCTS_DIR}/Moya/Moya.framework",
				"${BUILT_PRODUCTS_DIR}/ObjectMapper/ObjectMapper.framework",
				"${BUILT_PRODUCTS_DIR}/Result/Result.framework",
				"${BUILT_PRODUCTS_DIR}/RxCocoa/RxCocoa.framework",
				"${BUILT_PRODUCTS_DIR}/RxDataSources/RxDataSources.framework",
				"${BUILT_PRODUCTS_DIR}/RxSwift/RxSwift.framework",
				"${BUILT_PRODUCTS_DIR}/SnapKit/SnapKit.framework",
			);
			name = "[CP] Embed Pods Frameworks";
			outputPaths = (
				"${TARGET_BUILD_DIR}/${FRAMEWORKS_FOLDER_PATH}/Alamofire.framework",
				"${TARGET_BUILD_DIR}/${FRAMEWORKS_FOLDER_PATH}/Differentiator.framework",
				"${TARGET_BUILD_DIR}/${FRAMEWORKS_FOLDER_PATH}/Kingfisher.framework",
				"${TARGET_BUILD_DIR}/${FRAMEWORKS_FOLDER_PATH}/Moya.framework",
				"${TARGET_BUILD_DIR}/${FRAMEWORKS_FOLDER_PATH}/ObjectMapper.framework",
				"${TARGET_BUILD_DIR}/${FRAMEWORKS_FOLDER_PATH}/Result.framework",
				"${TARGET_BUILD_DIR}/${FRAMEWORKS_FOLDER_PATH}/RxCocoa.framework",
				"${TARGET_BUILD_DIR}/${FRAMEWORKS_FOLDER_PATH}/RxDataSources.framework",
				"${TARGET_BUILD_DIR}/${FRAMEWORKS_FOLDER_PATH}/RxSwift.framework",
				"${TARGET_BUILD_DIR}/${FRAMEWORKS_FOLDER_PATH}/SnapKit.framework",
			);
			runOnlyForDeploymentPostprocessing = 0;
			shellPath = /bin/sh;
			shellScript = "\"${SRCROOT}/Pods/Target Support Files/Pods-Phoneix/Pods-Phoneix-frameworks.sh\"\n";
			showEnvVarsInLog = 0;
		};
		C74F4606F9B6B1DF15BD36B9 /* [CP] Check Pods Manifest.lock */ = {
			isa = PBXShellScriptBuildPhase;
			buildActionMask = 2147483647;
			files = (
			);
			inputPaths = (
				"${PODS_PODFILE_DIR_PATH}/Podfile.lock",
				"${PODS_ROOT}/Manifest.lock",
			);
			name = "[CP] Check Pods Manifest.lock";
			outputPaths = (
				"$(DERIVED_FILE_DIR)/Pods-PhoneixUITests-checkManifestLockResult.txt",
			);
			runOnlyForDeploymentPostprocessing = 0;
			shellPath = /bin/sh;
			shellScript = "diff \"${PODS_PODFILE_DIR_PATH}/Podfile.lock\" \"${PODS_ROOT}/Manifest.lock\" > /dev/null\nif [ $? != 0 ] ; then\n    # print error to STDERR\n    echo \"error: The sandbox is not in sync with the Podfile.lock. Run 'pod install' or update your CocoaPods installation.\" >&2\n    exit 1\nfi\n# This output is used by Xcode 'outputs' to avoid re-running this script phase.\necho \"SUCCESS\" > \"${SCRIPT_OUTPUT_FILE_0}\"\n";
			showEnvVarsInLog = 0;
		};
		EF02AE8DC8ED6525BE69D538 /* [CP] Check Pods Manifest.lock */ = {
			isa = PBXShellScriptBuildPhase;
			buildActionMask = 2147483647;
			files = (
			);
			inputPaths = (
				"${PODS_PODFILE_DIR_PATH}/Podfile.lock",
				"${PODS_ROOT}/Manifest.lock",
			);
			name = "[CP] Check Pods Manifest.lock";
			outputPaths = (
				"$(DERIVED_FILE_DIR)/Pods-Phoneix-checkManifestLockResult.txt",
			);
			runOnlyForDeploymentPostprocessing = 0;
			shellPath = /bin/sh;
			shellScript = "diff \"${PODS_PODFILE_DIR_PATH}/Podfile.lock\" \"${PODS_ROOT}/Manifest.lock\" > /dev/null\nif [ $? != 0 ] ; then\n    # print error to STDERR\n    echo \"error: The sandbox is not in sync with the Podfile.lock. Run 'pod install' or update your CocoaPods installation.\" >&2\n    exit 1\nfi\n# This output is used by Xcode 'outputs' to avoid re-running this script phase.\necho \"SUCCESS\" > \"${SCRIPT_OUTPUT_FILE_0}\"\n";
			showEnvVarsInLog = 0;
		};
/* End PBXShellScriptBuildPhase section */

/* Begin PBXSourcesBuildPhase section */
		209119A620A01DF600CE0C78 /* Sources */ = {
			isa = PBXSourcesBuildPhase;
			buildActionMask = 2147483647;
			files = (
				20911A2D20A052C000CE0C78 /* MeViewController.swift in Sources */,
				204E0DC020A55E4D002F9FC9 /* MyService.swift in Sources */,
				20911A2B20A052B600CE0C78 /* CommunityViewController.swift in Sources */,
				2014F50A20A96AC100A26C56 /* BannerModel.swift in Sources */,
				20911A2520A0527600CE0C78 /* HomeViewController.swift in Sources */,
				204E0DBE20A5481A002F9FC9 /* Networking.swift in Sources */,
				20911A3420A41E8400CE0C78 /* Design.swift in Sources */,
				20911A2120A0504500CE0C78 /* MainNavigationController.swift in Sources */,
				20911A2920A052A800CE0C78 /* PostViewController.swift in Sources */,
				20911A3020A3D91600CE0C78 /* Extensions.swift in Sources */,
				20911A2720A0529400CE0C78 /* CategoriesViewController.swift in Sources */,
				20911A1F20A0500000CE0C78 /* MainTabBarController.swift in Sources */,
				20911A2320A051E900CE0C78 /* MainBaseViewController.swift in Sources */,
				20EA1EA520A9660D0024805E /* BannerView.swift in Sources */,
				209119AE20A01DF600CE0C78 /* AppDelegate.swift in Sources */,
				20EA1EA720A966370024805E /* BannerCell.swift in Sources */,
			);
			runOnlyForDeploymentPostprocessing = 0;
		};
		209119BA20A01DF700CE0C78 /* Sources */ = {
			isa = PBXSourcesBuildPhase;
			buildActionMask = 2147483647;
			files = (
				209119C320A01DF700CE0C78 /* PhoneixTests.swift in Sources */,
			);
			runOnlyForDeploymentPostprocessing = 0;
		};
		209119C520A01DF700CE0C78 /* Sources */ = {
			isa = PBXSourcesBuildPhase;
			buildActionMask = 2147483647;
			files = (
				209119CE20A01DF700CE0C78 /* PhoneixUITests.swift in Sources */,
			);
			runOnlyForDeploymentPostprocessing = 0;
		};
/* End PBXSourcesBuildPhase section */

/* Begin PBXTargetDependency section */
		209119C020A01DF700CE0C78 /* PBXTargetDependency */ = {
			isa = PBXTargetDependency;
			target = 209119A920A01DF600CE0C78 /* Phoneix */;
			targetProxy = 209119BF20A01DF700CE0C78 /* PBXContainerItemProxy */;
		};
		209119CB20A01DF700CE0C78 /* PBXTargetDependency */ = {
			isa = PBXTargetDependency;
			target = 209119A920A01DF600CE0C78 /* Phoneix */;
			targetProxy = 209119CA20A01DF700CE0C78 /* PBXContainerItemProxy */;
		};
/* End PBXTargetDependency section */

/* Begin PBXVariantGroup section */
		209119B620A01DF700CE0C78 /* LaunchScreen.storyboard */ = {
			isa = PBXVariantGroup;
			children = (
				209119B720A01DF700CE0C78 /* Base */,
			);
			name = LaunchScreen.storyboard;
			sourceTree = "<group>";
		};
/* End PBXVariantGroup section */

/* Begin XCBuildConfiguration section */
		209119D020A01DF700CE0C78 /* Debug */ = {
			isa = XCBuildConfiguration;
			buildSettings = {
				ALWAYS_SEARCH_USER_PATHS = NO;
				CLANG_ANALYZER_NONNULL = YES;
				CLANG_ANALYZER_NUMBER_OBJECT_CONVERSION = YES_AGGRESSIVE;
				CLANG_CXX_LANGUAGE_STANDARD = "gnu++14";
				CLANG_CXX_LIBRARY = "libc++";
				CLANG_ENABLE_MODULES = YES;
				CLANG_ENABLE_OBJC_ARC = YES;
				CLANG_ENABLE_OBJC_WEAK = YES;
				CLANG_WARN_BLOCK_CAPTURE_AUTORELEASING = YES;
				CLANG_WARN_BOOL_CONVERSION = YES;
				CLANG_WARN_COMMA = YES;
				CLANG_WARN_CONSTANT_CONVERSION = YES;
				CLANG_WARN_DEPRECATED_OBJC_IMPLEMENTATIONS = YES;
				CLANG_WARN_DIRECT_OBJC_ISA_USAGE = YES_ERROR;
				CLANG_WARN_DOCUMENTATION_COMMENTS = YES;
				CLANG_WARN_EMPTY_BODY = YES;
				CLANG_WARN_ENUM_CONVERSION = YES;
				CLANG_WARN_INFINITE_RECURSION = YES;
				CLANG_WARN_INT_CONVERSION = YES;
				CLANG_WARN_NON_LITERAL_NULL_CONVERSION = YES;
				CLANG_WARN_OBJC_IMPLICIT_RETAIN_SELF = YES;
				CLANG_WARN_OBJC_LITERAL_CONVERSION = YES;
				CLANG_WARN_OBJC_ROOT_CLASS = YES_ERROR;
				CLANG_WARN_RANGE_LOOP_ANALYSIS = YES;
				CLANG_WARN_STRICT_PROTOTYPES = YES;
				CLANG_WARN_SUSPICIOUS_MOVE = YES;
				CLANG_WARN_UNGUARDED_AVAILABILITY = YES_AGGRESSIVE;
				CLANG_WARN_UNREACHABLE_CODE = YES;
				CLANG_WARN__DUPLICATE_METHOD_MATCH = YES;
				CODE_SIGN_IDENTITY = "iPhone Developer";
				COPY_PHASE_STRIP = NO;
				DEBUG_INFORMATION_FORMAT = dwarf;
				ENABLE_STRICT_OBJC_MSGSEND = YES;
				ENABLE_TESTABILITY = YES;
				GCC_C_LANGUAGE_STANDARD = gnu11;
				GCC_DYNAMIC_NO_PIC = NO;
				GCC_NO_COMMON_BLOCKS = YES;
				GCC_OPTIMIZATION_LEVEL = 0;
				GCC_PREPROCESSOR_DEFINITIONS = (
					"DEBUG=1",
					"$(inherited)",
				);
				GCC_WARN_64_TO_32_BIT_CONVERSION = YES;
				GCC_WARN_ABOUT_RETURN_TYPE = YES_ERROR;
				GCC_WARN_UNDECLARED_SELECTOR = YES;
				GCC_WARN_UNINITIALIZED_AUTOS = YES_AGGRESSIVE;
				GCC_WARN_UNUSED_FUNCTION = YES;
				GCC_WARN_UNUSED_VARIABLE = YES;
				IPHONEOS_DEPLOYMENT_TARGET = 11.3;
				MTL_ENABLE_DEBUG_INFO = YES;
				ONLY_ACTIVE_ARCH = YES;
				SDKROOT = iphoneos;
				SWIFT_ACTIVE_COMPILATION_CONDITIONS = DEBUG;
				SWIFT_OPTIMIZATION_LEVEL = "-Onone";
			};
			name = Debug;
		};
		209119D120A01DF700CE0C78 /* Release */ = {
			isa = XCBuildConfiguration;
			buildSettings = {
				ALWAYS_SEARCH_USER_PATHS = NO;
				CLANG_ANALYZER_NONNULL = YES;
				CLANG_ANALYZER_NUMBER_OBJECT_CONVERSION = YES_AGGRESSIVE;
				CLANG_CXX_LANGUAGE_STANDARD = "gnu++14";
				CLANG_CXX_LIBRARY = "libc++";
				CLANG_ENABLE_MODULES = YES;
				CLANG_ENABLE_OBJC_ARC = YES;
				CLANG_ENABLE_OBJC_WEAK = YES;
				CLANG_WARN_BLOCK_CAPTURE_AUTORELEASING = YES;
				CLANG_WARN_BOOL_CONVERSION = YES;
				CLANG_WARN_COMMA = YES;
				CLANG_WARN_CONSTANT_CONVERSION = YES;
				CLANG_WARN_DEPRECATED_OBJC_IMPLEMENTATIONS = YES;
				CLANG_WARN_DIRECT_OBJC_ISA_USAGE = YES_ERROR;
				CLANG_WARN_DOCUMENTATION_COMMENTS = YES;
				CLANG_WARN_EMPTY_BODY = YES;
				CLANG_WARN_ENUM_CONVERSION = YES;
				CLANG_WARN_INFINITE_RECURSION = YES;
				CLANG_WARN_INT_CONVERSION = YES;
				CLANG_WARN_NON_LITERAL_NULL_CONVERSION = YES;
				CLANG_WARN_OBJC_IMPLICIT_RETAIN_SELF = YES;
				CLANG_WARN_OBJC_LITERAL_CONVERSION = YES;
				CLANG_WARN_OBJC_ROOT_CLASS = YES_ERROR;
				CLANG_WARN_RANGE_LOOP_ANALYSIS = YES;
				CLANG_WARN_STRICT_PROTOTYPES = YES;
				CLANG_WARN_SUSPICIOUS_MOVE = YES;
				CLANG_WARN_UNGUARDED_AVAILABILITY = YES_AGGRESSIVE;
				CLANG_WARN_UNREACHABLE_CODE = YES;
				CLANG_WARN__DUPLICATE_METHOD_MATCH = YES;
				CODE_SIGN_IDENTITY = "iPhone Developer";
				COPY_PHASE_STRIP = NO;
				DEBUG_INFORMATION_FORMAT = "dwarf-with-dsym";
				ENABLE_NS_ASSERTIONS = NO;
				ENABLE_STRICT_OBJC_MSGSEND = YES;
				GCC_C_LANGUAGE_STANDARD = gnu11;
				GCC_NO_COMMON_BLOCKS = YES;
				GCC_WARN_64_TO_32_BIT_CONVERSION = YES;
				GCC_WARN_ABOUT_RETURN_TYPE = YES_ERROR;
				GCC_WARN_UNDECLARED_SELECTOR = YES;
				GCC_WARN_UNINITIALIZED_AUTOS = YES_AGGRESSIVE;
				GCC_WARN_UNUSED_FUNCTION = YES;
				GCC_WARN_UNUSED_VARIABLE = YES;
				IPHONEOS_DEPLOYMENT_TARGET = 11.3;
				MTL_ENABLE_DEBUG_INFO = NO;
				SDKROOT = iphoneos;
				SWIFT_COMPILATION_MODE = wholemodule;
				SWIFT_OPTIMIZATION_LEVEL = "-O";
				VALIDATE_PRODUCT = YES;
			};
			name = Release;
		};
		209119D320A01DF700CE0C78 /* Debug */ = {
			isa = XCBuildConfiguration;
			baseConfigurationReference = 32020F1E6EF0767BBBE694B0 /* Pods-Phoneix.debug.xcconfig */;
			buildSettings = {
				ASSETCATALOG_COMPILER_APPICON_NAME = AppIcon;
				CODE_SIGN_STYLE = Automatic;
				DEVELOPMENT_TEAM = PYL96S287W;
				INFOPLIST_FILE = "Phoneix/Supporting Files/Info.plist";
				IPHONEOS_DEPLOYMENT_TARGET = 8.0;
				LD_RUNPATH_SEARCH_PATHS = "$(inherited) @executable_path/Frameworks";
				PRODUCT_BUNDLE_IDENTIFIER = "-.Phoneix";
				PRODUCT_NAME = "$(TARGET_NAME)";
				SWIFT_VERSION = 4.0;
				TARGETED_DEVICE_FAMILY = 1;
			};
			name = Debug;
		};
		209119D420A01DF700CE0C78 /* Release */ = {
			isa = XCBuildConfiguration;
			baseConfigurationReference = F610ABF58AA8705EA0EB83CC /* Pods-Phoneix.release.xcconfig */;
			buildSettings = {
				ASSETCATALOG_COMPILER_APPICON_NAME = AppIcon;
				CODE_SIGN_STYLE = Automatic;
				DEVELOPMENT_TEAM = PYL96S287W;
				INFOPLIST_FILE = "Phoneix/Supporting Files/Info.plist";
				IPHONEOS_DEPLOYMENT_TARGET = 8.0;
				LD_RUNPATH_SEARCH_PATHS = "$(inherited) @executable_path/Frameworks";
				PRODUCT_BUNDLE_IDENTIFIER = "-.Phoneix";
				PRODUCT_NAME = "$(TARGET_NAME)";
				SWIFT_VERSION = 4.0;
				TARGETED_DEVICE_FAMILY = 1;
			};
			name = Release;
		};
		209119D620A01DF700CE0C78 /* Debug */ = {
			isa = XCBuildConfiguration;
			baseConfigurationReference = 786DF22F94564A1BDCE644AB /* Pods-PhoneixTests.debug.xcconfig */;
			buildSettings = {
				ALWAYS_EMBED_SWIFT_STANDARD_LIBRARIES = YES;
				BUNDLE_LOADER = "$(TEST_HOST)";
				CODE_SIGN_STYLE = Automatic;
				DEVELOPMENT_TEAM = PYL96S287W;
				INFOPLIST_FILE = PhoneixTests/Info.plist;
				LD_RUNPATH_SEARCH_PATHS = "$(inherited) @executable_path/Frameworks @loader_path/Frameworks";
				PRODUCT_BUNDLE_IDENTIFIER = "-.PhoneixTests";
				PRODUCT_NAME = "$(TARGET_NAME)";
				SWIFT_VERSION = 4.0;
				TARGETED_DEVICE_FAMILY = "1,2";
				TEST_HOST = "$(BUILT_PRODUCTS_DIR)/Phoneix.app/Phoneix";
			};
			name = Debug;
		};
		209119D720A01DF700CE0C78 /* Release */ = {
			isa = XCBuildConfiguration;
			baseConfigurationReference = 50BD63253F4F1E84006AB92F /* Pods-PhoneixTests.release.xcconfig */;
			buildSettings = {
				ALWAYS_EMBED_SWIFT_STANDARD_LIBRARIES = YES;
				BUNDLE_LOADER = "$(TEST_HOST)";
				CODE_SIGN_STYLE = Automatic;
				DEVELOPMENT_TEAM = PYL96S287W;
				INFOPLIST_FILE = PhoneixTests/Info.plist;
				LD_RUNPATH_SEARCH_PATHS = "$(inherited) @executable_path/Frameworks @loader_path/Frameworks";
				PRODUCT_BUNDLE_IDENTIFIER = "-.PhoneixTests";
				PRODUCT_NAME = "$(TARGET_NAME)";
				SWIFT_VERSION = 4.0;
				TARGETED_DEVICE_FAMILY = "1,2";
				TEST_HOST = "$(BUILT_PRODUCTS_DIR)/Phoneix.app/Phoneix";
			};
			name = Release;
		};
		209119D920A01DF700CE0C78 /* Debug */ = {
			isa = XCBuildConfiguration;
			baseConfigurationReference = 7123D7A5B43EF632C1D8660C /* Pods-PhoneixUITests.debug.xcconfig */;
			buildSettings = {
				ALWAYS_EMBED_SWIFT_STANDARD_LIBRARIES = YES;
				CODE_SIGN_STYLE = Automatic;
				DEVELOPMENT_TEAM = PYL96S287W;
				INFOPLIST_FILE = PhoneixUITests/Info.plist;
				LD_RUNPATH_SEARCH_PATHS = "$(inherited) @executable_path/Frameworks @loader_path/Frameworks";
				PRODUCT_BUNDLE_IDENTIFIER = "-.PhoneixUITests";
				PRODUCT_NAME = "$(TARGET_NAME)";
				SWIFT_VERSION = 4.0;
				TARGETED_DEVICE_FAMILY = "1,2";
				TEST_TARGET_NAME = Phoneix;
			};
			name = Debug;
		};
		209119DA20A01DF700CE0C78 /* Release */ = {
			isa = XCBuildConfiguration;
			baseConfigurationReference = 1264E57582D38FB9CAC1606B /* Pods-PhoneixUITests.release.xcconfig */;
			buildSettings = {
				ALWAYS_EMBED_SWIFT_STANDARD_LIBRARIES = YES;
				CODE_SIGN_STYLE = Automatic;
				DEVELOPMENT_TEAM = PYL96S287W;
				INFOPLIST_FILE = PhoneixUITests/Info.plist;
				LD_RUNPATH_SEARCH_PATHS = "$(inherited) @executable_path/Frameworks @loader_path/Frameworks";
				PRODUCT_BUNDLE_IDENTIFIER = "-.PhoneixUITests";
				PRODUCT_NAME = "$(TARGET_NAME)";
				SWIFT_VERSION = 4.0;
				TARGETED_DEVICE_FAMILY = "1,2";
				TEST_TARGET_NAME = Phoneix;
			};
			name = Release;
		};
/* End XCBuildConfiguration section */

/* Begin XCConfigurationList section */
		209119A520A01DF600CE0C78 /* Build configuration list for PBXProject "Phoneix" */ = {
			isa = XCConfigurationList;
			buildConfigurations = (
				209119D020A01DF700CE0C78 /* Debug */,
				209119D120A01DF700CE0C78 /* Release */,
			);
			defaultConfigurationIsVisible = 0;
			defaultConfigurationName = Release;
		};
		209119D220A01DF700CE0C78 /* Build configuration list for PBXNativeTarget "Phoneix" */ = {
			isa = XCConfigurationList;
			buildConfigurations = (
				209119D320A01DF700CE0C78 /* Debug */,
				209119D420A01DF700CE0C78 /* Release */,
			);
			defaultConfigurationIsVisible = 0;
			defaultConfigurationName = Release;
		};
		209119D520A01DF700CE0C78 /* Build configuration list for PBXNativeTarget "PhoneixTests" */ = {
			isa = XCConfigurationList;
			buildConfigurations = (
				209119D620A01DF700CE0C78 /* Debug */,
				209119D720A01DF700CE0C78 /* Release */,
			);
			defaultConfigurationIsVisible = 0;
			defaultConfigurationName = Release;
		};
		209119D820A01DF700CE0C78 /* Build configuration list for PBXNativeTarget "PhoneixUITests" */ = {
			isa = XCConfigurationList;
			buildConfigurations = (
				209119D920A01DF700CE0C78 /* Debug */,
				209119DA20A01DF700CE0C78 /* Release */,
			);
			defaultConfigurationIsVisible = 0;
			defaultConfigurationName = Release;
		};
/* End XCConfigurationList section */
	};
	rootObject = 209119A220A01DF600CE0C78 /* Project object */;
}
